// !$*UTF8*$!
{
	archiveVersion = 1;
	classes = {
	};
	objectVersion = 50;
	objects = {

/* Begin PBXBuildFile section */
		19BFAE5D23771A7300FF45D5 /* AppDelegate.swift in Sources */ = {isa = PBXBuildFile; fileRef = 19BFAE5C23771A7300FF45D5 /* AppDelegate.swift */; };
		19BFAE5F23771A7300FF45D5 /* SceneDelegate.swift in Sources */ = {isa = PBXBuildFile; fileRef = 19BFAE5E23771A7300FF45D5 /* SceneDelegate.swift */; };
		19BFAE6123771A7300FF45D5 /* ViewController.swift in Sources */ = {isa = PBXBuildFile; fileRef = 19BFAE6023771A7300FF45D5 /* ViewController.swift */; };
		19BFAE6423771A7300FF45D5 /* Main.storyboard in Resources */ = {isa = PBXBuildFile; fileRef = 19BFAE6223771A7300FF45D5 /* Main.storyboard */; };
		19BFAE6623771A7500FF45D5 /* Assets.xcassets in Resources */ = {isa = PBXBuildFile; fileRef = 19BFAE6523771A7500FF45D5 /* Assets.xcassets */; };
		19BFAE6923771A7500FF45D5 /* LaunchScreen.storyboard in Resources */ = {isa = PBXBuildFile; fileRef = 19BFAE6723771A7500FF45D5 /* LaunchScreen.storyboard */; };
/* End PBXBuildFile section */

/* Begin PBXFileReference section */
		19BFAE5923771A7300FF45D5 /* SteveInstagram.app */ = {isa = PBXFileReference; explicitFileType = wrapper.application; includeInIndex = 0; path = SteveInstagram.app; sourceTree = BUILT_PRODUCTS_DIR; };
		19BFAE5C23771A7300FF45D5 /* AppDelegate.swift */ = {isa = PBXFileReference; lastKnownFileType = sourcecode.swift; path = AppDelegate.swift; sourceTree = "<group>"; };
		19BFAE5E23771A7300FF45D5 /* SceneDelegate.swift */ = {isa = PBXFileReference; lastKnownFileType = sourcecode.swift; path = SceneDelegate.swift; sourceTree = "<group>"; };
		19BFAE6023771A7300FF45D5 /* ViewController.swift */ = {isa = PBXFileReference; lastKnownFileType = sourcecode.swift; path = ViewController.swift; sourceTree = "<group>"; };
		19BFAE6323771A7300FF45D5 /* Base */ = {isa = PBXFileReference; lastKnownFileType = file.storyboard; name = Base; path = Base.lproj/Main.storyboard; sourceTree = "<group>"; };
		19BFAE6523771A7500FF45D5 /* Assets.xcassets */ = {isa = PBXFileReference; lastKnownFileType = folder.assetcatalog; path = Assets.xcassets; sourceTree = "<group>"; };
		19BFAE6823771A7500FF45D5 /* Base */ = {isa = PBXFileReference; lastKnownFileType = file.storyboard; name = Base; path = Base.lproj/LaunchScreen.storyboard; sourceTree = "<group>"; };
		19BFAE6A23771A7500FF45D5 /* Info.plist */ = {isa = PBXFileReference; lastKnownFileType = text.plist.xml; path = Info.plist; sourceTree = "<group>"; };
/* End PBXFileReference section */

/* Begin PBXFrameworksBuildPhase section */
		19BFAE5623771A7300FF45D5 /* Frameworks */ = {
			isa = PBXFrameworksBuildPhase;
			buildActionMask = 2147483647;
			files = (
			);
			runOnlyForDeploymentPostprocessing = 0;
		};
/* End PBXFrameworksBuildPhase section */

/* Begin PBXGroup section */
		19BFAE5023771A7300FF45D5 = {
			isa = PBXGroup;
			children = (
				19BFAE5B23771A7300FF45D5 /* SteveInstagram */,
				19BFAE5A23771A7300FF45D5 /* Products */,
			);
			sourceTree = "<group>";
		};
		19BFAE5A23771A7300FF45D5 /* Products */ = {
			isa = PBXGroup;
			children = (
				19BFAE5923771A7300FF45D5 /* SteveInstagram.app */,
			);
			name = Products;
			sourceTree = "<group>";
		};
		19BFAE5B23771A7300FF45D5 /* SteveInstagram */ = {
			isa = PBXGroup;
			children = (
				19BFAE5C23771A7300FF45D5 /* AppDelegate.swift */,
				19BFAE5E23771A7300FF45D5 /* SceneDelegate.swift */,
				19BFAE6023771A7300FF45D5 /* ViewController.swift */,
				19BFAE6223771A7300FF45D5 /* Main.storyboard */,
				19BFAE6523771A7500FF45D5 /* Assets.xcassets */,
				19BFAE6723771A7500FF45D5 /* LaunchScreen.storyboard */,
				19BFAE6A23771A7500FF45D5 /* Info.plist */,
			);
			path = SteveInstagram;
			sourceTree = "<group>";
		};
/* End PBXGroup section */

/* Begin PBXNativeTarget section */
		19BFAE5823771A7300FF45D5 /* SteveInstagram */ = {
			isa = PBXNativeTarget;
			buildConfigurationList = 19BFAE6D23771A7500FF45D5 /* Build configuration list for PBXNativeTarget "SteveInstagram" */;
			buildPhases = (
				19BFAE5523771A7300FF45D5 /* Sources */,
				19BFAE5623771A7300FF45D5 /* Frameworks */,
				19BFAE5723771A7300FF45D5 /* Resources */,
			);
			buildRules = (
			);
			dependencies = (
			);
			name = SteveInstagram;
			productName = SteveInstagram;
			productReference = 19BFAE5923771A7300FF45D5 /* SteveInstagram.app */;
			productType = "com.apple.product-type.application";
		};
/* End PBXNativeTarget section */

/* Begin PBXProject section */
		19BFAE5123771A7300FF45D5 /* Project object */ = {
			isa = PBXProject;
			attributes = {
				LastSwiftUpdateCheck = 1100;
				LastUpgradeCheck = 1100;
				ORGANIZATIONNAME = "ShaoPo Huang";
				TargetAttributes = {
					19BFAE5823771A7300FF45D5 = {
						CreatedOnToolsVersion = 11.0;
					};
				};
			};
			buildConfigurationList = 19BFAE5423771A7300FF45D5 /* Build configuration list for PBXProject "SteveInstagram" */;
			compatibilityVersion = "Xcode 9.3";
			developmentRegion = en;
			hasScannedForEncodings = 0;
			knownRegions = (
				en,
				Base,
			);
			mainGroup = 19BFAE5023771A7300FF45D5;
			productRefGroup = 19BFAE5A23771A7300FF45D5 /* Products */;
			projectDirPath = "";
			projectRoot = "";
			targets = (
				19BFAE5823771A7300FF45D5 /* SteveInstagram */,
			);
		};
/* End PBXProject section */

/* Begin PBXResourcesBuildPhase section */
		19BFAE5723771A7300FF45D5 /* Resources */ = {
			isa = PBXResourcesBuildPhase;
			buildActionMask = 2147483647;
			files = (
				19BFAE6923771A7500FF45D5 /* LaunchScreen.storyboard in Resources */,
				19BFAE6623771A7500FF45D5 /* Assets.xcassets in Resources */,
				19BFAE6423771A7300FF45D5 /* Main.storyboard in Resources */,
			);
			runOnlyForDeploymentPostprocessing = 0;
		};
/* End PBXResourcesBuildPhase section */

/* Begin PBXSourcesBuildPhase section */
		19BFAE5523771A7300FF45D5 /* Sources */ = {
			isa = PBXSourcesBuildPhase;
			buildActionMask = 2147483647;
			files = (
				19BFAE6123771A7300FF45D5 /* ViewController.swift in Sources */,
				19BFAE5D23771A7300FF45D5 /* AppDelegate.swift in Sources */,
				19BFAE5F23771A7300FF45D5 /* SceneDelegate.swift in Sources */,
			);
			runOnlyForDeploymentPostprocessing = 0;
		};
/* End PBXSourcesBuildPhase section */

/* Begin PBXVariantGroup section */
		19BFAE6223771A7300FF45D5 /* Main.storyboard */ = {
			isa = PBXVariantGroup;
			children = (
				19BFAE6323771A7300FF45D5 /* Base */,
			);
			name = Main.storyboard;
			sourceTree = "<group>";
		};
		19BFAE6723771A7500FF45D5 /* LaunchScreen.storyboard */ = {
			isa = PBXVariantGroup;
			children = (
				19BFAE6823771A7500FF45D5 /* Base */,
			);
			name = LaunchScreen.storyboard;
			sourceTree = "<group>";
		};
/* End PBXVariantGroup section */

/* Begin XCBuildConfiguration section */
		19BFAE6B23771A7500FF45D5 /* Debug */ = {
			isa = XCBuildConfiguration;
			buildSettings = {
				ALWAYS_SEARCH_USER_PATHS = NO;
				CLANG_ANALYZER_NONNULL = YES;
				CLANG_ANALYZER_NUMBER_OBJECT_CONVERSION = YES_AGGRESSIVE;
				CLANG_CXX_LANGUAGE_STANDARD = "gnu++14";
				CLANG_CXX_LIBRARY = "libc++";
				CLANG_ENABLE_MODULES = YES;
				CLANG_ENABLE_OBJC_ARC = YES;
				CLANG_ENABLE_OBJC_WEAK = YES;
				CLANG_WARN_BLOCK_CAPTURE_AUTORELEASING = YES;
				CLANG_WARN_BOOL_CONVERSION = YES;
				CLANG_WARN_COMMA = YES;
				CLANG_WARN_CONSTANT_CONVERSION = YES;
				CLANG_WARN_DEPRECATED_OBJC_IMPLEMENTATIONS = YES;
				CLANG_WARN_DIRECT_OBJC_ISA_USAGE = YES_ERROR;
				CLANG_WARN_DOCUMENTATION_COMMENTS = YES;
				CLANG_WARN_EMPTY_BODY = YES;
				CLANG_WARN_ENUM_CONVERSION = YES;
				CLANG_WARN_INFINITE_RECURSION = YES;
				CLANG_WARN_INT_CONVERSION = YES;
				CLANG_WARN_NON_LITERAL_NULL_CONVERSION = YES;
				CLANG_WARN_OBJC_IMPLICIT_RETAIN_SELF = YES;
				CLANG_WARN_OBJC_LITERAL_CONVERSION = YES;
				CLANG_WARN_OBJC_ROOT_CLASS = YES_ERROR;
				CLANG_WARN_RANGE_LOOP_ANALYSIS = YES;
				CLANG_WARN_STRICT_PROTOTYPES = YES;
				CLANG_WARN_SUSPICIOUS_MOVE = YES;
				CLANG_WARN_UNGUARDED_AVAILABILITY = YES_AGGRESSIVE;
				CLANG_WARN_UNREACHABLE_CODE = YES;
				CLANG_WARN__DUPLICATE_METHOD_MATCH = YES;
				COPY_PHASE_STRIP = NO;
				DEBUG_INFORMATION_FORMAT = dwarf;
				ENABLE_STRICT_OBJC_MSGSEND = YES;
				ENABLE_TESTABILITY = YES;
				GCC_C_LANGUAGE_STANDARD = gnu11;
				GCC_DYNAMIC_NO_PIC = NO;
				GCC_NO_COMMON_BLOCKS = YES;
				GCC_OPTIMIZATION_LEVEL = 0;
				GCC_PREPROCESSOR_DEFINITIONS = (
					"DEBUG=1",
					"$(inherited)",
				);
				GCC_WARN_64_TO_32_BIT_CONVERSION = YES;
				GCC_WARN_ABOUT_RETURN_TYPE = YES_ERROR;
				GCC_WARN_UNDECLARED_SELECTOR = YES;
				GCC_WARN_UNINITIALIZED_AUTOS = YES_AGGRESSIVE;
				GCC_WARN_UNUSED_FUNCTION = YES;
				GCC_WARN_UNUSED_VARIABLE = YES;
				IPHONEOS_DEPLOYMENT_TARGET = 13.0;
				MTL_ENABLE_DEBUG_INFO = INCLUDE_SOURCE;
				MTL_FAST_MATH = YES;
				ONLY_ACTIVE_ARCH = YES;
				SDKROOT = iphoneos;
				SWIFT_ACTIVE_COMPILATION_CONDITIONS = DEBUG;
				SWIFT_OPTIMIZATION_LEVEL = "-Onone";
			};
			name = Debug;
		};
		19BFAE6C23771A7500FF45D5 /* Release */ = {
			isa = XCBuildConfiguration;
			buildSettings = {
				ALWAYS_SEARCH_USER_PATHS = NO;
				CLANG_ANALYZER_NONNULL = YES;
				CLANG_ANALYZER_NUMBER_OBJECT_CONVERSION = YES_AGGRESSIVE;
				CLANG_CXX_LANGUAGE_STANDARD = "gnu++14";
				CLANG_CXX_LIBRARY = "libc++";
				CLANG_ENABLE_MODULES = YES;
				CLANG_ENABLE_OBJC_ARC = YES;
				CLANG_ENABLE_OBJC_WEAK = YES;
				CLANG_WARN_BLOCK_CAPTURE_AUTORELEASING = YES;
				CLANG_WARN_BOOL_CONVERSION = YES;
				CLANG_WARN_COMMA = YES;
				CLANG_WARN_CONSTANT_CONVERSION = YES;
				CLANG_WARN_DEPRECATED_OBJC_IMPLEMENTATIONS = YES;
				CLANG_WARN_DIRECT_OBJC_ISA_USAGE = YES_ERROR;
				CLANG_WARN_DOCUMENTATION_COMMENTS = YES;
				CLANG_WARN_EMPTY_BODY = YES;
				CLANG_WARN_ENUM_CONVERSION = YES;
				CLANG_WARN_INFINITE_RECURSION = YES;
				CLANG_WARN_INT_CONVERSION = YES;
				CLANG_WARN_NON_LITERAL_NULL_CONVERSION = YES;
				CLANG_WARN_OBJC_IMPLICIT_RETAIN_SELF = YES;
				CLANG_WARN_OBJC_LITERAL_CONVERSION = YES;
				CLANG_WARN_OBJC_ROOT_CLASS = YES_ERROR;
				CLANG_WARN_RANGE_LOOP_ANALYSIS = YES;
				CLANG_WARN_STRICT_PROTOTYPES = YES;
				CLANG_WARN_SUSPICIOUS_MOVE = YES;
				CLANG_WARN_UNGUARDED_AVAILABILITY = YES_AGGRESSIVE;
				CLANG_WARN_UNREACHABLE_CODE = YES;
				CLANG_WARN__DUPLICATE_METHOD_MATCH = YES;
				COPY_PHASE_STRIP = NO;
				DEBUG_INFORMATION_FORMAT = "dwarf-with-dsym";
				ENABLE_NS_ASSERTIONS = NO;
				ENABLE_STRICT_OBJC_MSGSEND = YES;
				GCC_C_LANGUAGE_STANDARD = gnu11;
				GCC_NO_COMMON_BLOCKS = YES;
				GCC_WARN_64_TO_32_BIT_CONVERSION = YES;
				GCC_WARN_ABOUT_RETURN_TYPE = YES_ERROR;
				GCC_WARN_UNDECLARED_SELECTOR = YES;
				GCC_WARN_UNINITIALIZED_AUTOS = YES_AGGRESSIVE;
				GCC_WARN_UNUSED_FUNCTION = YES;
				GCC_WARN_UNUSED_VARIABLE = YES;
				IPHONEOS_DEPLOYMENT_TARGET = 13.0;
				MTL_ENABLE_DEBUG_INFO = NO;
				MTL_FAST_MATH = YES;
				SDKROOT = iphoneos;
				SWIFT_COMPILATION_MODE = wholemodule;
				SWIFT_OPTIMIZATION_LEVEL = "-O";
				VALIDATE_PRODUCT = YES;
			};
			name = Release;
		};
		19BFAE6E23771A7500FF45D5 /* Debug */ = {
			isa = XCBuildConfiguration;
			buildSettings = {
				ASSETCATALOG_COMPILER_APPICON_NAME = AppIcon;
				CODE_SIGN_STYLE = Automatic;
				DEVELOPMENT_TEAM = 6UJ7CSDBQB;
				INFOPLIST_FILE = SteveInstagram/Info.plist;
				LD_RUNPATH_SEARCH_PATHS = (
					"$(inherited)",
					"@executable_path/Frameworks",
				);
				PRODUCT_BUNDLE_IDENTIFIER = com.shaopohuang.SteveInstagram;
				PRODUCT_NAME = "$(TARGET_NAME)";
				SWIFT_VERSION = 5.0;
				TARGETED_DEVICE_FAMILY = "1,2";
			};
			name = Debug;
		};
		19BFAE6F23771A7500FF45D5 /* Release */ = {
			isa = XCBuildConfiguration;
			buildSettings = {
				ASSETCATALOG_COMPILER_APPICON_NAME = AppIcon;
				CODE_SIGN_STYLE = Automatic;
				DEVELOPMENT_TEAM = 6UJ7CSDBQB;
				INFOPLIST_FILE = SteveInstagram/Info.plist;
				LD_RUNPATH_SEARCH_PATHS = (
					"$(inherited)",
					"@executable_path/Frameworks",
				);
				PRODUCT_BUNDLE_IDENTIFIER = com.shaopohuang.SteveInstagram;
				PRODUCT_NAME = "$(TARGET_NAME)";
				SWIFT_VERSION = 5.0;
				TARGETED_DEVICE_FAMILY = "1,2";
			};
			name = Release;
		};
/* End XCBuildConfiguration section */

/* Begin XCConfigurationList section */
		19BFAE5423771A7300FF45D5 /* Build configuration list for PBXProject "SteveInstagram" */ = {
			isa = XCConfigurationList;
			buildConfigurations = (
				19BFAE6B23771A7500FF45D5 /* Debug */,
				19BFAE6C23771A7500FF45D5 /* Release */,
			);
			defaultConfigurationIsVisible = 0;
			defaultConfigurationName = Release;
		};
		19BFAE6D23771A7500FF45D5 /* Build configuration list for PBXNativeTarget "SteveInstagram" */ = {
			isa = XCConfigurationList;
			buildConfigurations = (
				19BFAE6E23771A7500FF45D5 /* Debug */,
				19BFAE6F23771A7500FF45D5 /* Release */,
			);
			defaultConfigurationIsVisible = 0;
			defaultConfigurationName = Release;
		};
/* End XCConfigurationList section */
	};
	rootObject = 19BFAE5123771A7300FF45D5 /* Project object */;
}
